
Microsoft Visual Studio Solution File, Format Version 12.00
# Visual Studio Version 17
VisualStudioVersion = 17.9.34723.18
MinimumVisualStudioVersion = 10.0.40219.1
Project("{8BC9CEB8-8B4A-11D0-8D11-00A0C91BC942}") = "Lab9_OOP_MK", "Lab9_OOP_MK.vcxproj", "{E7A1064F-416B-4913-8023-CA21180EEFBD}"
EndProject
Global
	GlobalSection(SolutionConfigurationPlatforms) = preSolution
		Debug|x64 = Debug|x64
		Debug|x86 = Debug|x86
		Release|x64 = Release|x64
		Release|x86 = Release|x86
	EndGlobalSection
	GlobalSection(ProjectConfigurationPlatforms) = postSolution
		{E7A1064F-416B-4913-8023-CA21180EEFBD}.Debug|x64.ActiveCfg = Debug|x64
		{E7A1064F-416B-4913-8023-CA21180EEFBD}.Debug|x64.Build.0 = Debug|x64
		{E7A1064F-416B-4913-8023-CA21180EEFBD}.Debug|x86.ActiveCfg = Debug|Win32
		{E7A1064F-416B-4913-8023-CA21180EEFBD}.Debug|x86.Build.0 = Debug|Win32
		{E7A1064F-416B-4913-8023-CA21180EEFBD}.Release|x64.ActiveCfg = Release|x64
		{E7A1064F-416B-4913-8023-CA21180EEFBD}.Release|x64.Build.0 = Release|x64
		{E7A1064F-416B-4913-8023-CA21180EEFBD}.Release|x86.ActiveCfg = Release|Win32
		{E7A1064F-416B-4913-8023-CA21180EEFBD}.Release|x86.Build.0 = Release|Win32
	EndGlobalSection
	GlobalSection(SolutionProperties) = preSolution
		HideSolutionNode = FALSE
	EndGlobalSection
	GlobalSection(ExtensibilityGlobals) = postSolution
		SolutionGuid = {6A42F1EC-06DB-41A9-9D3B-6D6B954FFA23}
	EndGlobalSection
EndGlobal
